// !$*UTF8*$!
{
	archiveVersion = 1;
	classes = {
	};
	objectVersion = 50;
	objects = {

/* Begin PBXBuildFile section */
		41D56B954301829E55D2198B /* Pods_UtrymApp.framework in Frameworks */ = {isa = PBXBuildFile; fileRef = C1F2C14CC2A82DB05D57D7F2 /* Pods_UtrymApp.framework */; };
		7A7B9749A7C10479D927F903 /* Pods_UtrymAppTests.framework in Frameworks */ = {isa = PBXBuildFile; fileRef = 87E15D8BED02228F2F16D690 /* Pods_UtrymAppTests.framework */; };
		8906FE6520BE5C9A003954F3 /* Main.storyboard in Resources */ = {isa = PBXBuildFile; fileRef = 8906FE6420BE5C9A003954F3 /* Main.storyboard */; };
		8908C92120EB008F00344A6A /* PostEstThumbProfileCell.swift in Sources */ = {isa = PBXBuildFile; fileRef = 8908C92020EB008E00344A6A /* PostEstThumbProfileCell.swift */; };
		8914525620CDEFC20030A67A /* TimeLineController.swift in Sources */ = {isa = PBXBuildFile; fileRef = 8914525520CDEFC10030A67A /* TimeLineController.swift */; };
		891E9E3D20E4428C00F5BF33 /* EstilistSearchCell.swift in Sources */ = {isa = PBXBuildFile; fileRef = 891E9E3C20E4428C00F5BF33 /* EstilistSearchCell.swift */; };
		8926E6F2210D4C4B0077308C /* SkillsHomeProfileCell.swift in Sources */ = {isa = PBXBuildFile; fileRef = 8926E6F1210D4C4B0077308C /* SkillsHomeProfileCell.swift */; };
		892E725D20EE890B0078FD44 /* Client.swift in Sources */ = {isa = PBXBuildFile; fileRef = 892E725C20EE890B0078FD44 /* Client.swift */; };
		892E726320EED8DF0078FD44 /* CitasEstilistHeaderView.swift in Sources */ = {isa = PBXBuildFile; fileRef = 892E726220EED8DF0078FD44 /* CitasEstilistHeaderView.swift */; };
		892E726520EED9240078FD44 /* CitasEstilistCell.swift in Sources */ = {isa = PBXBuildFile; fileRef = 892E726420EED9240078FD44 /* CitasEstilistCell.swift */; };
		892E726720EEE01D0078FD44 /* CitasEstilist.swift in Sources */ = {isa = PBXBuildFile; fileRef = 892E726620EEE01D0078FD44 /* CitasEstilist.swift */; };
		892E726920EEEA7C0078FD44 /* ChatsEstilistController.swift in Sources */ = {isa = PBXBuildFile; fileRef = 892E726820EEEA7C0078FD44 /* ChatsEstilistController.swift */; };
		892E726B20EEFEC10078FD44 /* CitasEstilistController.swift in Sources */ = {isa = PBXBuildFile; fileRef = 892E726A20EEFEC10078FD44 /* CitasEstilistController.swift */; };
		892E726F20EF0E240078FD44 /* ListChatsEstilistCell.swift in Sources */ = {isa = PBXBuildFile; fileRef = 892E726E20EF0E240078FD44 /* ListChatsEstilistCell.swift */; };
		892E727120EF11990078FD44 /* Chat.swift in Sources */ = {isa = PBXBuildFile; fileRef = 892E727020EF11990078FD44 /* Chat.swift */; };
		892E727320EFDDD20078FD44 /* FinanzasEstilistController.swift in Sources */ = {isa = PBXBuildFile; fileRef = 892E727220EFDDD20078FD44 /* FinanzasEstilistController.swift */; };
		8943339820DB2D2E006F1BEE /* MGPhotoHelper.swift in Sources */ = {isa = PBXBuildFile; fileRef = 8943339720DB2D2E006F1BEE /* MGPhotoHelper.swift */; };
		894333A020DBF69E006F1BEE /* StorageService.swift in Sources */ = {isa = PBXBuildFile; fileRef = 8943339F20DBF69E006F1BEE /* StorageService.swift */; };
		894333A220DBFF02006F1BEE /* PostService.swift in Sources */ = {isa = PBXBuildFile; fileRef = 894333A120DBFF02006F1BEE /* PostService.swift */; };
		894333A520DC6675006F1BEE /* UIImage+Size.swift in Sources */ = {isa = PBXBuildFile; fileRef = 894333A420DC6675006F1BEE /* UIImage+Size.swift */; };
		894333A720DC670E006F1BEE /* StorageReference+Post.swift in Sources */ = {isa = PBXBuildFile; fileRef = 894333A620DC670E006F1BEE /* StorageReference+Post.swift */; };
		894333A920DC74BD006F1BEE /* PostEstilist.swift in Sources */ = {isa = PBXBuildFile; fileRef = 894333A820DC74BD006F1BEE /* PostEstilist.swift */; };
		894333AD20DD989C006F1BEE /* ProfileClientController.swift in Sources */ = {isa = PBXBuildFile; fileRef = 894333AC20DD989B006F1BEE /* ProfileClientController.swift */; };
		894333AF20DDAD2C006F1BEE /* ListEstilistController.swift in Sources */ = {isa = PBXBuildFile; fileRef = 894333AE20DDAD2C006F1BEE /* ListEstilistController.swift */; };
		894333B120DDAE37006F1BEE /* CitasClientsController.swift in Sources */ = {isa = PBXBuildFile; fileRef = 894333B020DDAE37006F1BEE /* CitasClientsController.swift */; };
		894333B520DDB0C3006F1BEE /* ClientTabBarController.swift in Sources */ = {isa = PBXBuildFile; fileRef = 894333B420DDB0C3006F1BEE /* ClientTabBarController.swift */; };
		894333B720DDBD22006F1BEE /* ProfileEstController.swift in Sources */ = {isa = PBXBuildFile; fileRef = 894333B620DDBD21006F1BEE /* ProfileEstController.swift */; };
		89589C6020D6F9BF001B4336 /* Estilist.storyboard in Resources */ = {isa = PBXBuildFile; fileRef = 89589C5F20D6F9BE001B4336 /* Estilist.storyboard */; };
		89589C6220D71F5F001B4336 /* Services.swift in Sources */ = {isa = PBXBuildFile; fileRef = 89589C6120D71F5F001B4336 /* Services.swift */; };
		89589C6420D71FFC001B4336 /* ServicesController.swift in Sources */ = {isa = PBXBuildFile; fileRef = 89589C6320D71FFC001B4336 /* ServicesController.swift */; };
		8960564E20D81A2E006B8A3A /* ServiceCell.swift in Sources */ = {isa = PBXBuildFile; fileRef = 8960564D20D81A2E006B8A3A /* ServiceCell.swift */; };
		8960565220D81BE3006B8A3A /* ServiceHeaderCell.swift in Sources */ = {isa = PBXBuildFile; fileRef = 8960565120D81BE3006B8A3A /* ServiceHeaderCell.swift */; };
		8960565420D81F6F006B8A3A /* Category.swift in Sources */ = {isa = PBXBuildFile; fileRef = 8960565320D81F6F006B8A3A /* Category.swift */; };
		896B7FFE20D016B0007B7C5D /* User.swift in Sources */ = {isa = PBXBuildFile; fileRef = 896B7FFD20D016B0007B7C5D /* User.swift */; };
		896B800020D0368B007B7C5D /* DetailPostController.swift in Sources */ = {isa = PBXBuildFile; fileRef = 896B7FFF20D0368B007B7C5D /* DetailPostController.swift */; };
		896B800520D04445007B7C5D /* PostHeaderCell.swift in Sources */ = {isa = PBXBuildFile; fileRef = 896B800420D04445007B7C5D /* PostHeaderCell.swift */; };
		896B800720D044A2007B7C5D /* PostCell.swift in Sources */ = {isa = PBXBuildFile; fileRef = 896B800620D044A2007B7C5D /* PostCell.swift */; };
		89855D2B20F54FFB00D1EF2D /* ChatsListClientController.swift in Sources */ = {isa = PBXBuildFile; fileRef = 89855D2A20F54FFB00D1EF2D /* ChatsListClientController.swift */; };
		89855D2D20F553A400D1EF2D /* CitasChatsClient.storyboard in Resources */ = {isa = PBXBuildFile; fileRef = 89855D2C20F553A400D1EF2D /* CitasChatsClient.storyboard */; };
		89855D3120F55A0800D1EF2D /* ChatListClientCell.swift in Sources */ = {isa = PBXBuildFile; fileRef = 89855D3020F55A0800D1EF2D /* ChatListClientCell.swift */; };
		89855D3320F55E7900D1EF2D /* UserService.swift in Sources */ = {isa = PBXBuildFile; fileRef = 89855D3220F55E7900D1EF2D /* UserService.swift */; };
		89855D3A20F58F7100D1EF2D /* Login.storyboard in Resources */ = {isa = PBXBuildFile; fileRef = 89855D3920F58F7100D1EF2D /* Login.storyboard */; };
		89855D3C20F58FEF00D1EF2D /* LoginController.swift in Sources */ = {isa = PBXBuildFile; fileRef = 89855D3B20F58FEF00D1EF2D /* LoginController.swift */; };
		89855D4020F5AF5A00D1EF2D /* CreateUserController.swift in Sources */ = {isa = PBXBuildFile; fileRef = 89855D3F20F5AF5A00D1EF2D /* CreateUserController.swift */; };
		89855D4220F7FEFB00D1EF2D /* SelectEstilistController.swift in Sources */ = {isa = PBXBuildFile; fileRef = 89855D4120F7FEF800D1EF2D /* SelectEstilistController.swift */; };
		89855D4420F807E600D1EF2D /* SelectEstilistCell.swift in Sources */ = {isa = PBXBuildFile; fileRef = 89855D4320F807E600D1EF2D /* SelectEstilistCell.swift */; };
		898920AB20F2734D002CD2E8 /* ProfileHeaderEstView.swift in Sources */ = {isa = PBXBuildFile; fileRef = 898920AA20F2734D002CD2E8 /* ProfileHeaderEstView.swift */; };
		898920AF20F2748F002CD2E8 /* ProfileEstilistClientController.swift in Sources */ = {isa = PBXBuildFile; fileRef = 898920AE20F2748E002CD2E8 /* ProfileEstilistClientController.swift */; };
		8992509B20FA9F2400864F73 /* NewMessageController.swift in Sources */ = {isa = PBXBuildFile; fileRef = 8992509A20FA9F2400864F73 /* NewMessageController.swift */; };
		8992509D20FAD62900864F73 /* ChatMessage.swift in Sources */ = {isa = PBXBuildFile; fileRef = 8992509C20FAD62900864F73 /* ChatMessage.swift */; };
		8992509F20FB044B00864F73 /* ChatLogClientController.swift in Sources */ = {isa = PBXBuildFile; fileRef = 8992509E20FB044B00864F73 /* ChatLogClientController.swift */; };
		899250A120FB09E700864F73 /* MessageClientCell.swift in Sources */ = {isa = PBXBuildFile; fileRef = 899250A020FB09E700864F73 /* MessageClientCell.swift */; };
		899250A3210287BF00864F73 /* AttachmentHandler.swift in Sources */ = {isa = PBXBuildFile; fileRef = 899250A2210287BF00864F73 /* AttachmentHandler.swift */; };
		899250A92102A86F00864F73 /* CategorysCell.swift in Sources */ = {isa = PBXBuildFile; fileRef = 899250A82102A86F00864F73 /* CategorysCell.swift */; };
		89AD3CBD20D9C64900D60F21 /* UploadPostController.swift in Sources */ = {isa = PBXBuildFile; fileRef = 89AD3CBC20D9C64800D60F21 /* UploadPostController.swift */; };
		89AD3CBF20D9C73800D60F21 /* EstilistTabBarController.swift in Sources */ = {isa = PBXBuildFile; fileRef = 89AD3CBE20D9C73800D60F21 /* EstilistTabBarController.swift */; };
		89B67D5420BB7D0E00D3BFBF /* AppDelegate.swift in Sources */ = {isa = PBXBuildFile; fileRef = 89B67D5320BB7D0E00D3BFBF /* AppDelegate.swift */; };
		89B67D5B20BB7D1300D3BFBF /* Assets.xcassets in Resources */ = {isa = PBXBuildFile; fileRef = 89B67D5A20BB7D1300D3BFBF /* Assets.xcassets */; };
		89B67D5E20BB7D1300D3BFBF /* LaunchScreen.storyboard in Resources */ = {isa = PBXBuildFile; fileRef = 89B67D5C20BB7D1300D3BFBF /* LaunchScreen.storyboard */; };
		89B67D6920BB7D1300D3BFBF /* UtrymAppTests.swift in Sources */ = {isa = PBXBuildFile; fileRef = 89B67D6820BB7D1300D3BFBF /* UtrymAppTests.swift */; };
		89B67D7420BB7EF400D3BFBF /* GoogleService-Info.plist in Resources */ = {isa = PBXBuildFile; fileRef = 89B67D7320BB7EF400D3BFBF /* GoogleService-Info.plist */; };
		89BE1E3B20D47F6B001703B3 /* PostThumbImageCell.swift in Sources */ = {isa = PBXBuildFile; fileRef = 89BE1E3A20D47F6A001703B3 /* PostThumbImageCell.swift */; };
		89BE1E3D20D494F1001703B3 /* TimelineHeaderView.swift in Sources */ = {isa = PBXBuildFile; fileRef = 89BE1E3C20D494F1001703B3 /* TimelineHeaderView.swift */; };
		89BE1E4120D4B3B6001703B3 /* ProfileHeaderView.swift in Sources */ = {isa = PBXBuildFile; fileRef = 89BE1E4020D4B3B6001703B3 /* ProfileHeaderView.swift */; };
		89E4780D210CE0FE0072481A /* PostProfileCell.swift in Sources */ = {isa = PBXBuildFile; fileRef = 89E4780C210CE0FE0072481A /* PostProfileCell.swift */; };
		89F2D7B820D1D48900688164 /* Estilist.swift in Sources */ = {isa = PBXBuildFile; fileRef = 89F2D7B720D1D48900688164 /* Estilist.swift */; };
		89F2D7BA20D1D85600688164 /* SignUpController.swift in Sources */ = {isa = PBXBuildFile; fileRef = 89F2D7B920D1D85600688164 /* SignUpController.swift */; };
		89F4F3BE20CF222F006E1AE1 /* Post.swift in Sources */ = {isa = PBXBuildFile; fileRef = 89F4F3BD20CF222F006E1AE1 /* Post.swift */; };
		89F7723220F3FFC500CA4139 /* SkillsCell.swift in Sources */ = {isa = PBXBuildFile; fileRef = 89F7723120F3FFC400CA4139 /* SkillsCell.swift */; };
		89F7723620F4272900CA4139 /* ListServicesCell.swift in Sources */ = {isa = PBXBuildFile; fileRef = 89F7723520F4272900CA4139 /* ListServicesCell.swift */; };
		89F7723820F4282D00CA4139 /* ListServicesController.swift in Sources */ = {isa = PBXBuildFile; fileRef = 89F7723720F4282D00CA4139 /* ListServicesController.swift */; };
		89F7723A20F501CC00CA4139 /* ChatNew.swift in Sources */ = {isa = PBXBuildFile; fileRef = 89F7723920F501CB00CA4139 /* ChatNew.swift */; };
		89F7723C20F505B600CA4139 /* Message.swift in Sources */ = {isa = PBXBuildFile; fileRef = 89F7723B20F505B600CA4139 /* Message.swift */; };
		89F7723E20F5065A00CA4139 /* UserNew.swift in Sources */ = {isa = PBXBuildFile; fileRef = 89F7723D20F5065A00CA4139 /* UserNew.swift */; };
		89F7724020F5081600CA4139 /* ChatService.swift in Sources */ = {isa = PBXBuildFile; fileRef = 89F7723F20F5081600CA4139 /* ChatService.swift */; };
		C8297D35210D6EC000840227 /* MessageReceived.swift in Sources */ = {isa = PBXBuildFile; fileRef = C8297D33210D6EC000840227 /* MessageReceived.swift */; };
		C8297D36210D6EC000840227 /* MessageReceived.xib in Resources */ = {isa = PBXBuildFile; fileRef = C8297D34210D6EC000840227 /* MessageReceived.xib */; };
		C8B20EB1210E4EE000E41F5A /* MessageSentCell.swift in Sources */ = {isa = PBXBuildFile; fileRef = C8B20EAF210E4EE000E41F5A /* MessageSentCell.swift */; };
		C8B20EB2210E4EE000E41F5A /* MessageSentCell.xib in Resources */ = {isa = PBXBuildFile; fileRef = C8B20EB0210E4EE000E41F5A /* MessageSentCell.xib */; };
/* End PBXBuildFile section */

/* Begin PBXContainerItemProxy section */
		89B67D6520BB7D1300D3BFBF /* PBXContainerItemProxy */ = {
			isa = PBXContainerItemProxy;
			containerPortal = 89B67D4820BB7D0E00D3BFBF /* Project object */;
			proxyType = 1;
			remoteGlobalIDString = 89B67D4F20BB7D0E00D3BFBF;
			remoteInfo = UtrymApp;
		};
/* End PBXContainerItemProxy section */

/* Begin PBXFileReference section */
		2DECE63EE1A610208E1E62EE /* Pods-UtrymAppTests.debug.xcconfig */ = {isa = PBXFileReference; includeInIndex = 1; lastKnownFileType = text.xcconfig; name = "Pods-UtrymAppTests.debug.xcconfig"; path = "Pods/Target Support Files/Pods-UtrymAppTests/Pods-UtrymAppTests.debug.xcconfig"; sourceTree = "<group>"; };
		525AA78E0601FE6A2CE5F713 /* Pods-UtrymAppTests.release.xcconfig */ = {isa = PBXFileReference; includeInIndex = 1; lastKnownFileType = text.xcconfig; name = "Pods-UtrymAppTests.release.xcconfig"; path = "Pods/Target Support Files/Pods-UtrymAppTests/Pods-UtrymAppTests.release.xcconfig"; sourceTree = "<group>"; };
		87E15D8BED02228F2F16D690 /* Pods_UtrymAppTests.framework */ = {isa = PBXFileReference; explicitFileType = wrapper.framework; includeInIndex = 0; path = Pods_UtrymAppTests.framework; sourceTree = BUILT_PRODUCTS_DIR; };
		8906FE6420BE5C9A003954F3 /* Main.storyboard */ = {isa = PBXFileReference; fileEncoding = 4; lastKnownFileType = file.storyboard; path = Main.storyboard; sourceTree = "<group>"; };
		8908C92020EB008E00344A6A /* PostEstThumbProfileCell.swift */ = {isa = PBXFileReference; lastKnownFileType = sourcecode.swift; path = PostEstThumbProfileCell.swift; sourceTree = "<group>"; };
		8914525520CDEFC10030A67A /* TimeLineController.swift */ = {isa = PBXFileReference; lastKnownFileType = sourcecode.swift; path = TimeLineController.swift; sourceTree = "<group>"; };
		891E9E3C20E4428C00F5BF33 /* EstilistSearchCell.swift */ = {isa = PBXFileReference; lastKnownFileType = sourcecode.swift; path = EstilistSearchCell.swift; sourceTree = "<group>"; };
		8926E6F1210D4C4B0077308C /* SkillsHomeProfileCell.swift */ = {isa = PBXFileReference; lastKnownFileType = sourcecode.swift; path = SkillsHomeProfileCell.swift; sourceTree = "<group>"; };
		892E725C20EE890B0078FD44 /* Client.swift */ = {isa = PBXFileReference; lastKnownFileType = sourcecode.swift; path = Client.swift; sourceTree = "<group>"; };
		892E726220EED8DF0078FD44 /* CitasEstilistHeaderView.swift */ = {isa = PBXFileReference; lastKnownFileType = sourcecode.swift; path = CitasEstilistHeaderView.swift; sourceTree = "<group>"; };
		892E726420EED9240078FD44 /* CitasEstilistCell.swift */ = {isa = PBXFileReference; lastKnownFileType = sourcecode.swift; path = CitasEstilistCell.swift; sourceTree = "<group>"; };
		892E726620EEE01D0078FD44 /* CitasEstilist.swift */ = {isa = PBXFileReference; lastKnownFileType = sourcecode.swift; path = CitasEstilist.swift; sourceTree = "<group>"; };
		892E726820EEEA7C0078FD44 /* ChatsEstilistController.swift */ = {isa = PBXFileReference; lastKnownFileType = sourcecode.swift; path = ChatsEstilistController.swift; sourceTree = "<group>"; };
		892E726A20EEFEC10078FD44 /* CitasEstilistController.swift */ = {isa = PBXFileReference; fileEncoding = 4; lastKnownFileType = sourcecode.swift; path = CitasEstilistController.swift; sourceTree = "<group>"; };
		892E726E20EF0E240078FD44 /* ListChatsEstilistCell.swift */ = {isa = PBXFileReference; lastKnownFileType = sourcecode.swift; path = ListChatsEstilistCell.swift; sourceTree = "<group>"; };
		892E727020EF11990078FD44 /* Chat.swift */ = {isa = PBXFileReference; lastKnownFileType = sourcecode.swift; path = Chat.swift; sourceTree = "<group>"; };
		892E727220EFDDD20078FD44 /* FinanzasEstilistController.swift */ = {isa = PBXFileReference; lastKnownFileType = sourcecode.swift; path = FinanzasEstilistController.swift; sourceTree = "<group>"; };
		8943339720DB2D2E006F1BEE /* MGPhotoHelper.swift */ = {isa = PBXFileReference; lastKnownFileType = sourcecode.swift; path = MGPhotoHelper.swift; sourceTree = "<group>"; };
		8943339F20DBF69E006F1BEE /* StorageService.swift */ = {isa = PBXFileReference; lastKnownFileType = sourcecode.swift; path = StorageService.swift; sourceTree = "<group>"; };
		894333A120DBFF02006F1BEE /* PostService.swift */ = {isa = PBXFileReference; lastKnownFileType = sourcecode.swift; path = PostService.swift; sourceTree = "<group>"; };
		894333A420DC6675006F1BEE /* UIImage+Size.swift */ = {isa = PBXFileReference; lastKnownFileType = sourcecode.swift; path = "UIImage+Size.swift"; sourceTree = "<group>"; };
		894333A620DC670E006F1BEE /* StorageReference+Post.swift */ = {isa = PBXFileReference; lastKnownFileType = sourcecode.swift; path = "StorageReference+Post.swift"; sourceTree = "<group>"; };
		894333A820DC74BD006F1BEE /* PostEstilist.swift */ = {isa = PBXFileReference; lastKnownFileType = sourcecode.swift; path = PostEstilist.swift; sourceTree = "<group>"; };
		894333AC20DD989B006F1BEE /* ProfileClientController.swift */ = {isa = PBXFileReference; lastKnownFileType = sourcecode.swift; path = ProfileClientController.swift; sourceTree = "<group>"; };
		894333AE20DDAD2C006F1BEE /* ListEstilistController.swift */ = {isa = PBXFileReference; lastKnownFileType = sourcecode.swift; path = ListEstilistController.swift; sourceTree = "<group>"; };
		894333B020DDAE37006F1BEE /* CitasClientsController.swift */ = {isa = PBXFileReference; lastKnownFileType = sourcecode.swift; path = CitasClientsController.swift; sourceTree = "<group>"; };
		894333B420DDB0C3006F1BEE /* ClientTabBarController.swift */ = {isa = PBXFileReference; lastKnownFileType = sourcecode.swift; path = ClientTabBarController.swift; sourceTree = "<group>"; };
		894333B620DDBD21006F1BEE /* ProfileEstController.swift */ = {isa = PBXFileReference; lastKnownFileType = sourcecode.swift; path = ProfileEstController.swift; sourceTree = "<group>"; };
		89589C5F20D6F9BE001B4336 /* Estilist.storyboard */ = {isa = PBXFileReference; lastKnownFileType = file.storyboard; path = Estilist.storyboard; sourceTree = "<group>"; };
		89589C6120D71F5F001B4336 /* Services.swift */ = {isa = PBXFileReference; lastKnownFileType = sourcecode.swift; path = Services.swift; sourceTree = "<group>"; };
		89589C6320D71FFC001B4336 /* ServicesController.swift */ = {isa = PBXFileReference; lastKnownFileType = sourcecode.swift; path = ServicesController.swift; sourceTree = "<group>"; };
		8960564D20D81A2E006B8A3A /* ServiceCell.swift */ = {isa = PBXFileReference; lastKnownFileType = sourcecode.swift; path = ServiceCell.swift; sourceTree = "<group>"; };
		8960565120D81BE3006B8A3A /* ServiceHeaderCell.swift */ = {isa = PBXFileReference; lastKnownFileType = sourcecode.swift; path = ServiceHeaderCell.swift; sourceTree = "<group>"; };
		8960565320D81F6F006B8A3A /* Category.swift */ = {isa = PBXFileReference; lastKnownFileType = sourcecode.swift; path = Category.swift; sourceTree = "<group>"; };
		896477E320C841850002C1D3 /* UtrymApp.entitlements */ = {isa = PBXFileReference; lastKnownFileType = text.plist.entitlements; path = UtrymApp.entitlements; sourceTree = "<group>"; };
		896477E420C843660002C1D3 /* UtrymApp-Bridging-Header.h */ = {isa = PBXFileReference; lastKnownFileType = sourcecode.c.h; path = "UtrymApp-Bridging-Header.h"; sourceTree = "<group>"; };
		896B7FFD20D016B0007B7C5D /* User.swift */ = {isa = PBXFileReference; lastKnownFileType = sourcecode.swift; path = User.swift; sourceTree = "<group>"; };
		896B7FFF20D0368B007B7C5D /* DetailPostController.swift */ = {isa = PBXFileReference; lastKnownFileType = sourcecode.swift; path = DetailPostController.swift; sourceTree = "<group>"; };
		896B800420D04445007B7C5D /* PostHeaderCell.swift */ = {isa = PBXFileReference; lastKnownFileType = sourcecode.swift; path = PostHeaderCell.swift; sourceTree = "<group>"; };
		896B800620D044A2007B7C5D /* PostCell.swift */ = {isa = PBXFileReference; lastKnownFileType = sourcecode.swift; path = PostCell.swift; sourceTree = "<group>"; };
		89855D2A20F54FFB00D1EF2D /* ChatsListClientController.swift */ = {isa = PBXFileReference; lastKnownFileType = sourcecode.swift; path = ChatsListClientController.swift; sourceTree = "<group>"; };
		89855D2C20F553A400D1EF2D /* CitasChatsClient.storyboard */ = {isa = PBXFileReference; fileEncoding = 4; lastKnownFileType = file.storyboard; path = CitasChatsClient.storyboard; sourceTree = "<group>"; };
		89855D3020F55A0800D1EF2D /* ChatListClientCell.swift */ = {isa = PBXFileReference; lastKnownFileType = sourcecode.swift; path = ChatListClientCell.swift; sourceTree = "<group>"; };
		89855D3220F55E7900D1EF2D /* UserService.swift */ = {isa = PBXFileReference; lastKnownFileType = sourcecode.swift; path = UserService.swift; sourceTree = "<group>"; };
		89855D3920F58F7100D1EF2D /* Login.storyboard */ = {isa = PBXFileReference; lastKnownFileType = file.storyboard; path = Login.storyboard; sourceTree = "<group>"; };
		89855D3B20F58FEF00D1EF2D /* LoginController.swift */ = {isa = PBXFileReference; lastKnownFileType = sourcecode.swift; path = LoginController.swift; sourceTree = "<group>"; };
		89855D3F20F5AF5A00D1EF2D /* CreateUserController.swift */ = {isa = PBXFileReference; lastKnownFileType = sourcecode.swift; path = CreateUserController.swift; sourceTree = "<group>"; };
		89855D4120F7FEF800D1EF2D /* SelectEstilistController.swift */ = {isa = PBXFileReference; lastKnownFileType = sourcecode.swift; path = SelectEstilistController.swift; sourceTree = "<group>"; };
		89855D4320F807E600D1EF2D /* SelectEstilistCell.swift */ = {isa = PBXFileReference; lastKnownFileType = sourcecode.swift; path = SelectEstilistCell.swift; sourceTree = "<group>"; };
		898920AA20F2734D002CD2E8 /* ProfileHeaderEstView.swift */ = {isa = PBXFileReference; lastKnownFileType = sourcecode.swift; path = ProfileHeaderEstView.swift; sourceTree = "<group>"; };
		898920AE20F2748E002CD2E8 /* ProfileEstilistClientController.swift */ = {isa = PBXFileReference; lastKnownFileType = sourcecode.swift; path = ProfileEstilistClientController.swift; sourceTree = "<group>"; };
		8992509A20FA9F2400864F73 /* NewMessageController.swift */ = {isa = PBXFileReference; lastKnownFileType = sourcecode.swift; path = NewMessageController.swift; sourceTree = "<group>"; };
		8992509C20FAD62900864F73 /* ChatMessage.swift */ = {isa = PBXFileReference; lastKnownFileType = sourcecode.swift; path = ChatMessage.swift; sourceTree = "<group>"; };
		8992509E20FB044B00864F73 /* ChatLogClientController.swift */ = {isa = PBXFileReference; lastKnownFileType = sourcecode.swift; path = ChatLogClientController.swift; sourceTree = "<group>"; };
		899250A020FB09E700864F73 /* MessageClientCell.swift */ = {isa = PBXFileReference; lastKnownFileType = sourcecode.swift; path = MessageClientCell.swift; sourceTree = "<group>"; };
		899250A2210287BF00864F73 /* AttachmentHandler.swift */ = {isa = PBXFileReference; lastKnownFileType = sourcecode.swift; path = AttachmentHandler.swift; sourceTree = "<group>"; };
		899250A82102A86F00864F73 /* CategorysCell.swift */ = {isa = PBXFileReference; lastKnownFileType = sourcecode.swift; path = CategorysCell.swift; sourceTree = "<group>"; };
		89AD3CBC20D9C64800D60F21 /* UploadPostController.swift */ = {isa = PBXFileReference; lastKnownFileType = sourcecode.swift; path = UploadPostController.swift; sourceTree = "<group>"; };
		89AD3CBE20D9C73800D60F21 /* EstilistTabBarController.swift */ = {isa = PBXFileReference; lastKnownFileType = sourcecode.swift; path = EstilistTabBarController.swift; sourceTree = "<group>"; };
		89B67D5020BB7D0E00D3BFBF /* UtrymApp.app */ = {isa = PBXFileReference; explicitFileType = wrapper.application; includeInIndex = 0; path = UtrymApp.app; sourceTree = BUILT_PRODUCTS_DIR; };
		89B67D5320BB7D0E00D3BFBF /* AppDelegate.swift */ = {isa = PBXFileReference; lastKnownFileType = sourcecode.swift; path = AppDelegate.swift; sourceTree = "<group>"; };
		89B67D5A20BB7D1300D3BFBF /* Assets.xcassets */ = {isa = PBXFileReference; lastKnownFileType = folder.assetcatalog; path = Assets.xcassets; sourceTree = "<group>"; };
		89B67D5D20BB7D1300D3BFBF /* Base */ = {isa = PBXFileReference; lastKnownFileType = file.storyboard; name = Base; path = Base.lproj/LaunchScreen.storyboard; sourceTree = "<group>"; };
		89B67D5F20BB7D1300D3BFBF /* Info.plist */ = {isa = PBXFileReference; lastKnownFileType = text.plist.xml; path = Info.plist; sourceTree = "<group>"; };
		89B67D6420BB7D1300D3BFBF /* UtrymAppTests.xctest */ = {isa = PBXFileReference; explicitFileType = wrapper.cfbundle; includeInIndex = 0; path = UtrymAppTests.xctest; sourceTree = BUILT_PRODUCTS_DIR; };
		89B67D6820BB7D1300D3BFBF /* UtrymAppTests.swift */ = {isa = PBXFileReference; lastKnownFileType = sourcecode.swift; path = UtrymAppTests.swift; sourceTree = "<group>"; };
		89B67D6A20BB7D1300D3BFBF /* Info.plist */ = {isa = PBXFileReference; lastKnownFileType = text.plist.xml; path = Info.plist; sourceTree = "<group>"; };
		89B67D7320BB7EF400D3BFBF /* GoogleService-Info.plist */ = {isa = PBXFileReference; fileEncoding = 4; lastKnownFileType = text.plist.xml; path = "GoogleService-Info.plist"; sourceTree = "<group>"; };
		89BE1E3A20D47F6A001703B3 /* PostThumbImageCell.swift */ = {isa = PBXFileReference; lastKnownFileType = sourcecode.swift; path = PostThumbImageCell.swift; sourceTree = "<group>"; };
		89BE1E3C20D494F1001703B3 /* TimelineHeaderView.swift */ = {isa = PBXFileReference; lastKnownFileType = sourcecode.swift; path = TimelineHeaderView.swift; sourceTree = "<group>"; };
		89BE1E4020D4B3B6001703B3 /* ProfileHeaderView.swift */ = {isa = PBXFileReference; lastKnownFileType = sourcecode.swift; path = ProfileHeaderView.swift; sourceTree = "<group>"; };
		89E4780C210CE0FE0072481A /* PostProfileCell.swift */ = {isa = PBXFileReference; lastKnownFileType = sourcecode.swift; path = PostProfileCell.swift; sourceTree = "<group>"; };
		89F2D7B720D1D48900688164 /* Estilist.swift */ = {isa = PBXFileReference; lastKnownFileType = sourcecode.swift; path = Estilist.swift; sourceTree = "<group>"; };
		89F2D7B920D1D85600688164 /* SignUpController.swift */ = {isa = PBXFileReference; lastKnownFileType = sourcecode.swift; path = SignUpController.swift; sourceTree = "<group>"; };
		89F4F3BD20CF222F006E1AE1 /* Post.swift */ = {isa = PBXFileReference; lastKnownFileType = sourcecode.swift; path = Post.swift; sourceTree = "<group>"; };
		89F7723120F3FFC400CA4139 /* SkillsCell.swift */ = {isa = PBXFileReference; lastKnownFileType = sourcecode.swift; path = SkillsCell.swift; sourceTree = "<group>"; };
		89F7723520F4272900CA4139 /* ListServicesCell.swift */ = {isa = PBXFileReference; lastKnownFileType = sourcecode.swift; path = ListServicesCell.swift; sourceTree = "<group>"; };
		89F7723720F4282D00CA4139 /* ListServicesController.swift */ = {isa = PBXFileReference; lastKnownFileType = sourcecode.swift; path = ListServicesController.swift; sourceTree = "<group>"; };
		89F7723920F501CB00CA4139 /* ChatNew.swift */ = {isa = PBXFileReference; lastKnownFileType = sourcecode.swift; path = ChatNew.swift; sourceTree = "<group>"; };
		89F7723B20F505B600CA4139 /* Message.swift */ = {isa = PBXFileReference; lastKnownFileType = sourcecode.swift; path = Message.swift; sourceTree = "<group>"; };
		89F7723D20F5065A00CA4139 /* UserNew.swift */ = {isa = PBXFileReference; lastKnownFileType = sourcecode.swift; path = UserNew.swift; sourceTree = "<group>"; };
		89F7723F20F5081600CA4139 /* ChatService.swift */ = {isa = PBXFileReference; lastKnownFileType = sourcecode.swift; path = ChatService.swift; sourceTree = "<group>"; };
		9E5A136AF45D6AB9EA15352D /* Pods-UtrymApp.release.xcconfig */ = {isa = PBXFileReference; includeInIndex = 1; lastKnownFileType = text.xcconfig; name = "Pods-UtrymApp.release.xcconfig"; path = "Pods/Target Support Files/Pods-UtrymApp/Pods-UtrymApp.release.xcconfig"; sourceTree = "<group>"; };
		A9255E303FB26ED084CF06F4 /* Pods-UtrymApp.debug.xcconfig */ = {isa = PBXFileReference; includeInIndex = 1; lastKnownFileType = text.xcconfig; name = "Pods-UtrymApp.debug.xcconfig"; path = "Pods/Target Support Files/Pods-UtrymApp/Pods-UtrymApp.debug.xcconfig"; sourceTree = "<group>"; };
		C1F2C14CC2A82DB05D57D7F2 /* Pods_UtrymApp.framework */ = {isa = PBXFileReference; explicitFileType = wrapper.framework; includeInIndex = 0; path = Pods_UtrymApp.framework; sourceTree = BUILT_PRODUCTS_DIR; };
		C8297D33210D6EC000840227 /* MessageReceived.swift */ = {isa = PBXFileReference; lastKnownFileType = sourcecode.swift; path = MessageReceived.swift; sourceTree = "<group>"; };
		C8297D34210D6EC000840227 /* MessageReceived.xib */ = {isa = PBXFileReference; lastKnownFileType = file.xib; path = MessageReceived.xib; sourceTree = "<group>"; };
		C8B20EAF210E4EE000E41F5A /* MessageSentCell.swift */ = {isa = PBXFileReference; lastKnownFileType = sourcecode.swift; path = MessageSentCell.swift; sourceTree = "<group>"; };
		C8B20EB0210E4EE000E41F5A /* MessageSentCell.xib */ = {isa = PBXFileReference; lastKnownFileType = file.xib; path = MessageSentCell.xib; sourceTree = "<group>"; };
/* End PBXFileReference section */

/* Begin PBXFrameworksBuildPhase section */
		89B67D4D20BB7D0E00D3BFBF /* Frameworks */ = {
			isa = PBXFrameworksBuildPhase;
			buildActionMask = 2147483647;
			files = (
				41D56B954301829E55D2198B /* Pods_UtrymApp.framework in Frameworks */,
			);
			runOnlyForDeploymentPostprocessing = 0;
		};
		89B67D6120BB7D1300D3BFBF /* Frameworks */ = {
			isa = PBXFrameworksBuildPhase;
			buildActionMask = 2147483647;
			files = (
				7A7B9749A7C10479D927F903 /* Pods_UtrymAppTests.framework in Frameworks */,
			);
			runOnlyForDeploymentPostprocessing = 0;
		};
/* End PBXFrameworksBuildPhase section */

/* Begin PBXGroup section */
		0F84DF5D44025BEEC79AC315 /* Frameworks */ = {
			isa = PBXGroup;
			children = (
				C1F2C14CC2A82DB05D57D7F2 /* Pods_UtrymApp.framework */,
				87E15D8BED02228F2F16D690 /* Pods_UtrymAppTests.framework */,
			);
			name = Frameworks;
			sourceTree = "<group>";
		};
		259599D3D177D8C2C6FFC8ED /* Pods */ = {
			isa = PBXGroup;
			children = (
				A9255E303FB26ED084CF06F4 /* Pods-UtrymApp.debug.xcconfig */,
				9E5A136AF45D6AB9EA15352D /* Pods-UtrymApp.release.xcconfig */,
				2DECE63EE1A610208E1E62EE /* Pods-UtrymAppTests.debug.xcconfig */,
				525AA78E0601FE6A2CE5F713 /* Pods-UtrymAppTests.release.xcconfig */,
			);
			name = Pods;
			sourceTree = "<group>";
		};
		8906FE6120BE48A2003954F3 /* Controllers */ = {
			isa = PBXGroup;
			children = (
				89F2D7B920D1D85600688164 /* SignUpController.swift */,
				89855D3B20F58FEF00D1EF2D /* LoginController.swift */,
				89855D3F20F5AF5A00D1EF2D /* CreateUserController.swift */,
				892E727420F038440078FD44 /* Cliente */,
				892E727520F0389A0078FD44 /* Estilista */,
			);
			path = Controllers;
			sourceTree = "<group>";
		};
		892E727420F038440078FD44 /* Cliente */ = {
			isa = PBXGroup;
			children = (
				8914525520CDEFC10030A67A /* TimeLineController.swift */,
				896B7FFF20D0368B007B7C5D /* DetailPostController.swift */,
				894333AC20DD989B006F1BEE /* ProfileClientController.swift */,
				894333B420DDB0C3006F1BEE /* ClientTabBarController.swift */,
				89589C6320D71FFC001B4336 /* ServicesController.swift */,
				89F7723720F4282D00CA4139 /* ListServicesController.swift */,
				894333B020DDAE37006F1BEE /* CitasClientsController.swift */,
				894333AE20DDAD2C006F1BEE /* ListEstilistController.swift */,
				898920AE20F2748E002CD2E8 /* ProfileEstilistClientController.swift */,
				89855D2A20F54FFB00D1EF2D /* ChatsListClientController.swift */,
				8992509E20FB044B00864F73 /* ChatLogClientController.swift */,
				89855D4120F7FEF800D1EF2D /* SelectEstilistController.swift */,
				8992509A20FA9F2400864F73 /* NewMessageController.swift */,
			);
			name = Cliente;
			path = ../..;
			sourceTree = "<group>";
		};
		892E727520F0389A0078FD44 /* Estilista */ = {
			isa = PBXGroup;
			children = (
				89AD3CBC20D9C64800D60F21 /* UploadPostController.swift */,
				89AD3CBE20D9C73800D60F21 /* EstilistTabBarController.swift */,
				894333B620DDBD21006F1BEE /* ProfileEstController.swift */,
				892E726A20EEFEC10078FD44 /* CitasEstilistController.swift */,
				892E726820EEEA7C0078FD44 /* ChatsEstilistController.swift */,
				892E727220EFDDD20078FD44 /* FinanzasEstilistController.swift */,
			);
			name = Estilista;
			path = ../..;
			sourceTree = "<group>";
		};
		892E727620F038DC0078FD44 /* Cliente */ = {
			isa = PBXGroup;
			children = (
				89BE1E3C20D494F1001703B3 /* TimelineHeaderView.swift */,
				896B800420D04445007B7C5D /* PostHeaderCell.swift */,
				896B800620D044A2007B7C5D /* PostCell.swift */,
				89BE1E3A20D47F6A001703B3 /* PostThumbImageCell.swift */,
				8960564D20D81A2E006B8A3A /* ServiceCell.swift */,
				89F7723520F4272900CA4139 /* ListServicesCell.swift */,
				8960565120D81BE3006B8A3A /* ServiceHeaderCell.swift */,
				891E9E3C20E4428C00F5BF33 /* EstilistSearchCell.swift */,
				898920AA20F2734D002CD2E8 /* ProfileHeaderEstView.swift */,
				89F7723120F3FFC400CA4139 /* SkillsCell.swift */,
				89855D3020F55A0800D1EF2D /* ChatListClientCell.swift */,
				89855D4320F807E600D1EF2D /* SelectEstilistCell.swift */,
				899250A020FB09E700864F73 /* MessageClientCell.swift */,
				89E4780C210CE0FE0072481A /* PostProfileCell.swift */,
			);
			name = Cliente;
			path = ../..;
			sourceTree = "<group>";
		};
		892E727720F0390E0078FD44 /* Estilista */ = {
			isa = PBXGroup;
			children = (
				8908C92020EB008E00344A6A /* PostEstThumbProfileCell.swift */,
				8926E6F1210D4C4B0077308C /* SkillsHomeProfileCell.swift */,
				89BE1E4020D4B3B6001703B3 /* ProfileHeaderView.swift */,
				892E726220EED8DF0078FD44 /* CitasEstilistHeaderView.swift */,
				892E726420EED9240078FD44 /* CitasEstilistCell.swift */,
				892E726E20EF0E240078FD44 /* ListChatsEstilistCell.swift */,
				899250A82102A86F00864F73 /* CategorysCell.swift */,
			);
			name = Estilista;
			path = ../..;
			sourceTree = "<group>";
		};
		8943339620DB2C17006F1BEE /* Helpers */ = {
			isa = PBXGroup;
			children = (
				8943339720DB2D2E006F1BEE /* MGPhotoHelper.swift */,
				899250A2210287BF00864F73 /* AttachmentHandler.swift */,
			);
			path = Helpers;
			sourceTree = "<group>";
		};
		8943339E20DBF5D2006F1BEE /* Services */ = {
			isa = PBXGroup;
			children = (
				8943339F20DBF69E006F1BEE /* StorageService.swift */,
				894333A120DBFF02006F1BEE /* PostService.swift */,
				89F7723F20F5081600CA4139 /* ChatService.swift */,
				89855D3220F55E7900D1EF2D /* UserService.swift */,
			);
			path = Services;
			sourceTree = "<group>";
		};
		894333A320DC665A006F1BEE /* Extensions */ = {
			isa = PBXGroup;
			children = (
				894333A420DC6675006F1BEE /* UIImage+Size.swift */,
				894333A620DC670E006F1BEE /* StorageReference+Post.swift */,
			);
			path = Extensions;
			sourceTree = "<group>";
		};
		896B800120D04395007B7C5D /* Views */ = {
			isa = PBXGroup;
			children = (
				C8297D2E210D6E3C00840227 /* Custom Cells */,
				892E727620F038DC0078FD44 /* Cliente */,
				892E727720F0390E0078FD44 /* Estilista */,
			);
			path = Views;
			sourceTree = "<group>";
		};
		89855D3420F57CBE00D1EF2D /* Storyboards */ = {
			isa = PBXGroup;
			children = (
				8906FE6420BE5C9A003954F3 /* Main.storyboard */,
				89855D3920F58F7100D1EF2D /* Login.storyboard */,
				89855D2C20F553A400D1EF2D /* CitasChatsClient.storyboard */,
				89589C5F20D6F9BE001B4336 /* Estilist.storyboard */,
				89B67D5C20BB7D1300D3BFBF /* LaunchScreen.storyboard */,
			);
			name = Storyboards;
			path = ..;
			sourceTree = "<group>";
		};
		89855D3520F58DA200D1EF2D /* Suportings */ = {
			isa = PBXGroup;
			children = (
				89B67D5F20BB7D1300D3BFBF /* Info.plist */,
				89B67D7320BB7EF400D3BFBF /* GoogleService-Info.plist */,
			);
			path = Suportings;
			sourceTree = "<group>";
		};
		89B67D4720BB7D0E00D3BFBF = {
			isa = PBXGroup;
			children = (
				89B67D5220BB7D0E00D3BFBF /* UtrymApp */,
				89B67D6720BB7D1300D3BFBF /* UtrymAppTests */,
				89B67D5120BB7D0E00D3BFBF /* Products */,
				259599D3D177D8C2C6FFC8ED /* Pods */,
				0F84DF5D44025BEEC79AC315 /* Frameworks */,
			);
			sourceTree = "<group>";
		};
		89B67D5120BB7D0E00D3BFBF /* Products */ = {
			isa = PBXGroup;
			children = (
				89B67D5020BB7D0E00D3BFBF /* UtrymApp.app */,
				89B67D6420BB7D1300D3BFBF /* UtrymAppTests.xctest */,
			);
			name = Products;
			sourceTree = "<group>";
		};
		89B67D5220BB7D0E00D3BFBF /* UtrymApp */ = {
			isa = PBXGroup;
			children = (
				894333A320DC665A006F1BEE /* Extensions */,
				8943339620DB2C17006F1BEE /* Helpers */,
				89F4F3BC20CF220F006E1AE1 /* Models */,
				8943339E20DBF5D2006F1BEE /* Services */,
				89855D3420F57CBE00D1EF2D /* Storyboards */,
				8906FE6120BE48A2003954F3 /* Controllers */,
				89855D3520F58DA200D1EF2D /* Suportings */,
				896B800120D04395007B7C5D /* Views */,
				89B67D5320BB7D0E00D3BFBF /* AppDelegate.swift */,
				89B67D5A20BB7D1300D3BFBF /* Assets.xcassets */,
				896477E420C843660002C1D3 /* UtrymApp-Bridging-Header.h */,
				896477E320C841850002C1D3 /* UtrymApp.entitlements */,
			);
			path = UtrymApp;
			sourceTree = "<group>";
		};
		89B67D6720BB7D1300D3BFBF /* UtrymAppTests */ = {
			isa = PBXGroup;
			children = (
				89B67D6820BB7D1300D3BFBF /* UtrymAppTests.swift */,
				89B67D6A20BB7D1300D3BFBF /* Info.plist */,
			);
			path = UtrymAppTests;
			sourceTree = "<group>";
		};
		89F4F3BC20CF220F006E1AE1 /* Models */ = {
			isa = PBXGroup;
			children = (
				89F4F3BD20CF222F006E1AE1 /* Post.swift */,
				8992509C20FAD62900864F73 /* ChatMessage.swift */,
				89F2D7B720D1D48900688164 /* Estilist.swift */,
				896B7FFD20D016B0007B7C5D /* User.swift */,
				89589C6120D71F5F001B4336 /* Services.swift */,
				8960565320D81F6F006B8A3A /* Category.swift */,
				894333A820DC74BD006F1BEE /* PostEstilist.swift */,
				892E725C20EE890B0078FD44 /* Client.swift */,
				892E726620EEE01D0078FD44 /* CitasEstilist.swift */,
				892E727020EF11990078FD44 /* Chat.swift */,
				89F7723920F501CB00CA4139 /* ChatNew.swift */,
				89F7723B20F505B600CA4139 /* Message.swift */,
				89F7723D20F5065A00CA4139 /* UserNew.swift */,
			);
			path = Models;
			sourceTree = "<group>";
		};
		C8297D2E210D6E3C00840227 /* Custom Cells */ = {
			isa = PBXGroup;
			children = (
				C8297D33210D6EC000840227 /* MessageReceived.swift */,
				C8297D34210D6EC000840227 /* MessageReceived.xib */,
				C8B20EAF210E4EE000E41F5A /* MessageSentCell.swift */,
				C8B20EB0210E4EE000E41F5A /* MessageSentCell.xib */,
			);
			path = "Custom Cells";
			sourceTree = "<group>";
		};
/* End PBXGroup section */

/* Begin PBXNativeTarget section */
		89B67D4F20BB7D0E00D3BFBF /* UtrymApp */ = {
			isa = PBXNativeTarget;
			buildConfigurationList = 89B67D6D20BB7D1300D3BFBF /* Build configuration list for PBXNativeTarget "UtrymApp" */;
			buildPhases = (
				6376ADD626A03EED20896C24 /* [CP] Check Pods Manifest.lock */,
				89B67D4C20BB7D0E00D3BFBF /* Sources */,
				89B67D4D20BB7D0E00D3BFBF /* Frameworks */,
				89B67D4E20BB7D0E00D3BFBF /* Resources */,
				BC41CD35E6E0E1B9D24580DF /* [CP] Embed Pods Frameworks */,
				20091184451D8E961849E186 /* [CP] Copy Pods Resources */,
			);
			buildRules = (
			);
			dependencies = (
			);
			name = UtrymApp;
			productName = UtrymApp;
			productReference = 89B67D5020BB7D0E00D3BFBF /* UtrymApp.app */;
			productType = "com.apple.product-type.application";
		};
		89B67D6320BB7D1300D3BFBF /* UtrymAppTests */ = {
			isa = PBXNativeTarget;
			buildConfigurationList = 89B67D7020BB7D1300D3BFBF /* Build configuration list for PBXNativeTarget "UtrymAppTests" */;
			buildPhases = (
				F1A5C22F419D174FFF80980A /* [CP] Check Pods Manifest.lock */,
				89B67D6020BB7D1300D3BFBF /* Sources */,
				89B67D6120BB7D1300D3BFBF /* Frameworks */,
				89B67D6220BB7D1300D3BFBF /* Resources */,
			);
			buildRules = (
			);
			dependencies = (
				89B67D6620BB7D1300D3BFBF /* PBXTargetDependency */,
			);
			name = UtrymAppTests;
			productName = UtrymAppTests;
			productReference = 89B67D6420BB7D1300D3BFBF /* UtrymAppTests.xctest */;
			productType = "com.apple.product-type.bundle.unit-test";
		};
/* End PBXNativeTarget section */

/* Begin PBXProject section */
		89B67D4820BB7D0E00D3BFBF /* Project object */ = {
			isa = PBXProject;
			attributes = {
				LastSwiftUpdateCheck = 0930;
				LastUpgradeCheck = 0930;
				ORGANIZATIONNAME = "Alexis Barniquez";
				TargetAttributes = {
					89B67D4F20BB7D0E00D3BFBF = {
						CreatedOnToolsVersion = 9.3.1;
						LastSwiftMigration = 0940;
						SystemCapabilities = {
							com.apple.Keychain = {
								enabled = 1;
							};
							com.apple.Push = {
								enabled = 1;
							};
						};
					};
					89B67D6320BB7D1300D3BFBF = {
						CreatedOnToolsVersion = 9.3.1;
						TestTargetID = 89B67D4F20BB7D0E00D3BFBF;
					};
				};
			};
			buildConfigurationList = 89B67D4B20BB7D0E00D3BFBF /* Build configuration list for PBXProject "UtrymApp" */;
			compatibilityVersion = "Xcode 9.3";
			developmentRegion = en;
			hasScannedForEncodings = 0;
			knownRegions = (
				en,
				Base,
			);
			mainGroup = 89B67D4720BB7D0E00D3BFBF;
			productRefGroup = 89B67D5120BB7D0E00D3BFBF /* Products */;
			projectDirPath = "";
			projectRoot = "";
			targets = (
				89B67D4F20BB7D0E00D3BFBF /* UtrymApp */,
				89B67D6320BB7D1300D3BFBF /* UtrymAppTests */,
			);
		};
/* End PBXProject section */

/* Begin PBXResourcesBuildPhase section */
		89B67D4E20BB7D0E00D3BFBF /* Resources */ = {
			isa = PBXResourcesBuildPhase;
			buildActionMask = 2147483647;
			files = (
				89855D3A20F58F7100D1EF2D /* Login.storyboard in Resources */,
				89B67D5E20BB7D1300D3BFBF /* LaunchScreen.storyboard in Resources */,
				89B67D7420BB7EF400D3BFBF /* GoogleService-Info.plist in Resources */,
				89589C6020D6F9BF001B4336 /* Estilist.storyboard in Resources */,
				89B67D5B20BB7D1300D3BFBF /* Assets.xcassets in Resources */,
				89855D2D20F553A400D1EF2D /* CitasChatsClient.storyboard in Resources */,
				C8B20EB2210E4EE000E41F5A /* MessageSentCell.xib in Resources */,
				8906FE6520BE5C9A003954F3 /* Main.storyboard in Resources */,
				C8297D36210D6EC000840227 /* MessageReceived.xib in Resources */,
			);
			runOnlyForDeploymentPostprocessing = 0;
		};
		89B67D6220BB7D1300D3BFBF /* Resources */ = {
			isa = PBXResourcesBuildPhase;
			buildActionMask = 2147483647;
			files = (
			);
			runOnlyForDeploymentPostprocessing = 0;
		};
/* End PBXResourcesBuildPhase section */

/* Begin PBXShellScriptBuildPhase section */
		20091184451D8E961849E186 /* [CP] Copy Pods Resources */ = {
			isa = PBXShellScriptBuildPhase;
			buildActionMask = 2147483647;
			files = (
			);
			inputPaths = (
				"${SRCROOT}/Pods/Target Support Files/Pods-UtrymApp/Pods-UtrymApp-resources.sh",
				"${PODS_ROOT}/GoogleSignIn/Resources/GoogleSignIn.bundle",
			);
			name = "[CP] Copy Pods Resources";
			outputPaths = (
				"${TARGET_BUILD_DIR}/${UNLOCALIZED_RESOURCES_FOLDER_PATH}/GoogleSignIn.bundle",
			);
			runOnlyForDeploymentPostprocessing = 0;
			shellPath = /bin/sh;
			shellScript = "\"${SRCROOT}/Pods/Target Support Files/Pods-UtrymApp/Pods-UtrymApp-resources.sh\"\n";
			showEnvVarsInLog = 0;
		};
		6376ADD626A03EED20896C24 /* [CP] Check Pods Manifest.lock */ = {
			isa = PBXShellScriptBuildPhase;
			buildActionMask = 2147483647;
			files = (
			);
			inputPaths = (
				"${PODS_PODFILE_DIR_PATH}/Podfile.lock",
				"${PODS_ROOT}/Manifest.lock",
			);
			name = "[CP] Check Pods Manifest.lock";
			outputPaths = (
				"$(DERIVED_FILE_DIR)/Pods-UtrymApp-checkManifestLockResult.txt",
			);
			runOnlyForDeploymentPostprocessing = 0;
			shellPath = /bin/sh;
			shellScript = "diff \"${PODS_PODFILE_DIR_PATH}/Podfile.lock\" \"${PODS_ROOT}/Manifest.lock\" > /dev/null\nif [ $? != 0 ] ; then\n    # print error to STDERR\n    echo \"error: The sandbox is not in sync with the Podfile.lock. Run 'pod install' or update your CocoaPods installation.\" >&2\n    exit 1\nfi\n# This output is used by Xcode 'outputs' to avoid re-running this script phase.\necho \"SUCCESS\" > \"${SCRIPT_OUTPUT_FILE_0}\"\n";
			showEnvVarsInLog = 0;
		};
		BC41CD35E6E0E1B9D24580DF /* [CP] Embed Pods Frameworks */ = {
			isa = PBXShellScriptBuildPhase;
			buildActionMask = 2147483647;
			files = (
			);
			inputPaths = (
				"${SRCROOT}/Pods/Target Support Files/Pods-UtrymApp/Pods-UtrymApp-frameworks.sh",
				"${BUILT_PRODUCTS_DIR}/Bolts/Bolts.framework",
				"${BUILT_PRODUCTS_DIR}/FBSDKCoreKit/FBSDKCoreKit.framework",
				"${BUILT_PRODUCTS_DIR}/FBSDKLoginKit/FBSDKLoginKit.framework",
				"${BUILT_PRODUCTS_DIR}/GTMOAuth2/GTMOAuth2.framework",
				"${BUILT_PRODUCTS_DIR}/GTMSessionFetcher/GTMSessionFetcher.framework",
				"${BUILT_PRODUCTS_DIR}/GoogleToolboxForMac/GoogleToolboxForMac.framework",
				"${BUILT_PRODUCTS_DIR}/Protobuf/Protobuf.framework",
				"${BUILT_PRODUCTS_DIR}/SDWebImage/SDWebImage.framework",
				"${BUILT_PRODUCTS_DIR}/leveldb-library/leveldb.framework",
				"${BUILT_PRODUCTS_DIR}/libwebp/libwebp.framework",
				"${BUILT_PRODUCTS_DIR}/nanopb/nanopb.framework",
			);
			name = "[CP] Embed Pods Frameworks";
			outputPaths = (
				"${TARGET_BUILD_DIR}/${FRAMEWORKS_FOLDER_PATH}/Bolts.framework",
				"${TARGET_BUILD_DIR}/${FRAMEWORKS_FOLDER_PATH}/FBSDKCoreKit.framework",
				"${TARGET_BUILD_DIR}/${FRAMEWORKS_FOLDER_PATH}/FBSDKLoginKit.framework",
				"${TARGET_BUILD_DIR}/${FRAMEWORKS_FOLDER_PATH}/GTMOAuth2.framework",
				"${TARGET_BUILD_DIR}/${FRAMEWORKS_FOLDER_PATH}/GTMSessionFetcher.framework",
				"${TARGET_BUILD_DIR}/${FRAMEWORKS_FOLDER_PATH}/GoogleToolboxForMac.framework",
				"${TARGET_BUILD_DIR}/${FRAMEWORKS_FOLDER_PATH}/Protobuf.framework",
				"${TARGET_BUILD_DIR}/${FRAMEWORKS_FOLDER_PATH}/SDWebImage.framework",
				"${TARGET_BUILD_DIR}/${FRAMEWORKS_FOLDER_PATH}/leveldb.framework",
				"${TARGET_BUILD_DIR}/${FRAMEWORKS_FOLDER_PATH}/libwebp.framework",
				"${TARGET_BUILD_DIR}/${FRAMEWORKS_FOLDER_PATH}/nanopb.framework",
			);
			runOnlyForDeploymentPostprocessing = 0;
			shellPath = /bin/sh;
			shellScript = "\"${SRCROOT}/Pods/Target Support Files/Pods-UtrymApp/Pods-UtrymApp-frameworks.sh\"\n";
			showEnvVarsInLog = 0;
		};
		F1A5C22F419D174FFF80980A /* [CP] Check Pods Manifest.lock */ = {
			isa = PBXShellScriptBuildPhase;
			buildActionMask = 2147483647;
			files = (
			);
			inputPaths = (
				"${PODS_PODFILE_DIR_PATH}/Podfile.lock",
				"${PODS_ROOT}/Manifest.lock",
			);
			name = "[CP] Check Pods Manifest.lock";
			outputPaths = (
				"$(DERIVED_FILE_DIR)/Pods-UtrymAppTests-checkManifestLockResult.txt",
			);
			runOnlyForDeploymentPostprocessing = 0;
			shellPath = /bin/sh;
			shellScript = "diff \"${PODS_PODFILE_DIR_PATH}/Podfile.lock\" \"${PODS_ROOT}/Manifest.lock\" > /dev/null\nif [ $? != 0 ] ; then\n    # print error to STDERR\n    echo \"error: The sandbox is not in sync with the Podfile.lock. Run 'pod install' or update your CocoaPods installation.\" >&2\n    exit 1\nfi\n# This output is used by Xcode 'outputs' to avoid re-running this script phase.\necho \"SUCCESS\" > \"${SCRIPT_OUTPUT_FILE_0}\"\n";
			showEnvVarsInLog = 0;
		};
/* End PBXShellScriptBuildPhase section */

/* Begin PBXSourcesBuildPhase section */
		89B67D4C20BB7D0E00D3BFBF /* Sources */ = {
			isa = PBXSourcesBuildPhase;
			buildActionMask = 2147483647;
			files = (
				89F2D7B820D1D48900688164 /* Estilist.swift in Sources */,
				89F7723620F4272900CA4139 /* ListServicesCell.swift in Sources */,
				894333A920DC74BD006F1BEE /* PostEstilist.swift in Sources */,
				89F7723C20F505B600CA4139 /* Message.swift in Sources */,
				8992509F20FB044B00864F73 /* ChatLogClientController.swift in Sources */,
				894333A720DC670E006F1BEE /* StorageReference+Post.swift in Sources */,
				892E726720EEE01D0078FD44 /* CitasEstilist.swift in Sources */,
				894333A020DBF69E006F1BEE /* StorageService.swift in Sources */,
				89855D4220F7FEFB00D1EF2D /* SelectEstilistController.swift in Sources */,
				896B800520D04445007B7C5D /* PostHeaderCell.swift in Sources */,
				89AD3CBF20D9C73800D60F21 /* EstilistTabBarController.swift in Sources */,
				894333B520DDB0C3006F1BEE /* ClientTabBarController.swift in Sources */,
				89855D4420F807E600D1EF2D /* SelectEstilistCell.swift in Sources */,
				8960565420D81F6F006B8A3A /* Category.swift in Sources */,
				89BE1E3D20D494F1001703B3 /* TimelineHeaderView.swift in Sources */,
				898920AB20F2734D002CD2E8 /* ProfileHeaderEstView.swift in Sources */,
				894333A520DC6675006F1BEE /* UIImage+Size.swift in Sources */,
				89855D3120F55A0800D1EF2D /* ChatListClientCell.swift in Sources */,
				896B800020D0368B007B7C5D /* DetailPostController.swift in Sources */,
				892E726320EED8DF0078FD44 /* CitasEstilistHeaderView.swift in Sources */,
				C8297D35210D6EC000840227 /* MessageReceived.swift in Sources */,
				8908C92120EB008F00344A6A /* PostEstThumbProfileCell.swift in Sources */,
				899250A120FB09E700864F73 /* MessageClientCell.swift in Sources */,
				89855D3C20F58FEF00D1EF2D /* LoginController.swift in Sources */,
				8914525620CDEFC20030A67A /* TimeLineController.swift in Sources */,
				89B67D5420BB7D0E00D3BFBF /* AppDelegate.swift in Sources */,
				899250A3210287BF00864F73 /* AttachmentHandler.swift in Sources */,
				89E4780D210CE0FE0072481A /* PostProfileCell.swift in Sources */,
				894333B120DDAE37006F1BEE /* CitasClientsController.swift in Sources */,
				896B7FFE20D016B0007B7C5D /* User.swift in Sources */,
				899250A92102A86F00864F73 /* CategorysCell.swift in Sources */,
				892E726920EEEA7C0078FD44 /* ChatsEstilistController.swift in Sources */,
				89BE1E3B20D47F6B001703B3 /* PostThumbImageCell.swift in Sources */,
				89589C6220D71F5F001B4336 /* Services.swift in Sources */,
				892E726B20EEFEC10078FD44 /* CitasEstilistController.swift in Sources */,
				89855D3320F55E7900D1EF2D /* UserService.swift in Sources */,
				89AD3CBD20D9C64900D60F21 /* UploadPostController.swift in Sources */,
				892E726F20EF0E240078FD44 /* ListChatsEstilistCell.swift in Sources */,
				89F7723E20F5065A00CA4139 /* UserNew.swift in Sources */,
				8992509D20FAD62900864F73 /* ChatMessage.swift in Sources */,
				89589C6420D71FFC001B4336 /* ServicesController.swift in Sources */,
				89F7724020F5081600CA4139 /* ChatService.swift in Sources */,
				892E727320EFDDD20078FD44 /* FinanzasEstilistController.swift in Sources */,
				892E726520EED9240078FD44 /* CitasEstilistCell.swift in Sources */,
				894333B720DDBD22006F1BEE /* ProfileEstController.swift in Sources */,
				891E9E3D20E4428C00F5BF33 /* EstilistSearchCell.swift in Sources */,
				C8B20EB1210E4EE000E41F5A /* MessageSentCell.swift in Sources */,
				894333AF20DDAD2C006F1BEE /* ListEstilistController.swift in Sources */,
				892E725D20EE890B0078FD44 /* Client.swift in Sources */,
				89F7723A20F501CC00CA4139 /* ChatNew.swift in Sources */,
				89F4F3BE20CF222F006E1AE1 /* Post.swift in Sources */,
				8943339820DB2D2E006F1BEE /* MGPhotoHelper.swift in Sources */,
				89BE1E4120D4B3B6001703B3 /* ProfileHeaderView.swift in Sources */,
				89855D4020F5AF5A00D1EF2D /* CreateUserController.swift in Sources */,
				894333AD20DD989C006F1BEE /* ProfileClientController.swift in Sources */,
				8992509B20FA9F2400864F73 /* NewMessageController.swift in Sources */,
				89855D2B20F54FFB00D1EF2D /* ChatsListClientController.swift in Sources */,
				894333A220DBFF02006F1BEE /* PostService.swift in Sources */,
				892E727120EF11990078FD44 /* Chat.swift in Sources */,
				8926E6F2210D4C4B0077308C /* SkillsHomeProfileCell.swift in Sources */,
				8960565220D81BE3006B8A3A /* ServiceHeaderCell.swift in Sources */,
				896B800720D044A2007B7C5D /* PostCell.swift in Sources */,
				898920AF20F2748F002CD2E8 /* ProfileEstilistClientController.swift in Sources */,
				89F7723820F4282D00CA4139 /* ListServicesController.swift in Sources */,
				89F2D7BA20D1D85600688164 /* SignUpController.swift in Sources */,
				8960564E20D81A2E006B8A3A /* ServiceCell.swift in Sources */,
				89F7723220F3FFC500CA4139 /* SkillsCell.swift in Sources */,
			);
			runOnlyForDeploymentPostprocessing = 0;
		};
		89B67D6020BB7D1300D3BFBF /* Sources */ = {
			isa = PBXSourcesBuildPhase;
			buildActionMask = 2147483647;
			files = (
				89B67D6920BB7D1300D3BFBF /* UtrymAppTests.swift in Sources */,
			);
			runOnlyForDeploymentPostprocessing = 0;
		};
/* End PBXSourcesBuildPhase section */

/* Begin PBXTargetDependency section */
		89B67D6620BB7D1300D3BFBF /* PBXTargetDependency */ = {
			isa = PBXTargetDependency;
			target = 89B67D4F20BB7D0E00D3BFBF /* UtrymApp */;
			targetProxy = 89B67D6520BB7D1300D3BFBF /* PBXContainerItemProxy */;
		};
/* End PBXTargetDependency section */

/* Begin PBXVariantGroup section */
		89B67D5C20BB7D1300D3BFBF /* LaunchScreen.storyboard */ = {
			isa = PBXVariantGroup;
			children = (
				89B67D5D20BB7D1300D3BFBF /* Base */,
			);
			name = LaunchScreen.storyboard;
			sourceTree = "<group>";
		};
/* End PBXVariantGroup section */

/* Begin XCBuildConfiguration section */
		89B67D6B20BB7D1300D3BFBF /* Debug */ = {
			isa = XCBuildConfiguration;
			buildSettings = {
				ALWAYS_SEARCH_USER_PATHS = NO;
				CLANG_ANALYZER_NONNULL = YES;
				CLANG_ANALYZER_NUMBER_OBJECT_CONVERSION = YES_AGGRESSIVE;
				CLANG_CXX_LANGUAGE_STANDARD = "gnu++14";
				CLANG_CXX_LIBRARY = "libc++";
				CLANG_ENABLE_MODULES = YES;
				CLANG_ENABLE_OBJC_ARC = YES;
				CLANG_ENABLE_OBJC_WEAK = YES;
				CLANG_WARN_BLOCK_CAPTURE_AUTORELEASING = YES;
				CLANG_WARN_BOOL_CONVERSION = YES;
				CLANG_WARN_COMMA = YES;
				CLANG_WARN_CONSTANT_CONVERSION = YES;
				CLANG_WARN_DEPRECATED_OBJC_IMPLEMENTATIONS = YES;
				CLANG_WARN_DIRECT_OBJC_ISA_USAGE = YES_ERROR;
				CLANG_WARN_DOCUMENTATION_COMMENTS = YES;
				CLANG_WARN_EMPTY_BODY = YES;
				CLANG_WARN_ENUM_CONVERSION = YES;
				CLANG_WARN_INFINITE_RECURSION = YES;
				CLANG_WARN_INT_CONVERSION = YES;
				CLANG_WARN_NON_LITERAL_NULL_CONVERSION = YES;
				CLANG_WARN_OBJC_IMPLICIT_RETAIN_SELF = YES;
				CLANG_WARN_OBJC_LITERAL_CONVERSION = YES;
				CLANG_WARN_OBJC_ROOT_CLASS = YES_ERROR;
				CLANG_WARN_RANGE_LOOP_ANALYSIS = YES;
				CLANG_WARN_STRICT_PROTOTYPES = YES;
				CLANG_WARN_SUSPICIOUS_MOVE = YES;
				CLANG_WARN_UNGUARDED_AVAILABILITY = YES_AGGRESSIVE;
				CLANG_WARN_UNREACHABLE_CODE = YES;
				CLANG_WARN__DUPLICATE_METHOD_MATCH = YES;
				CODE_SIGN_IDENTITY = "iPhone Developer";
				COPY_PHASE_STRIP = NO;
				DEBUG_INFORMATION_FORMAT = dwarf;
				ENABLE_STRICT_OBJC_MSGSEND = YES;
				ENABLE_TESTABILITY = YES;
				GCC_C_LANGUAGE_STANDARD = gnu11;
				GCC_DYNAMIC_NO_PIC = NO;
				GCC_NO_COMMON_BLOCKS = YES;
				GCC_OPTIMIZATION_LEVEL = 0;
				GCC_PREPROCESSOR_DEFINITIONS = (
					"DEBUG=1",
					"$(inherited)",
				);
				GCC_WARN_64_TO_32_BIT_CONVERSION = YES;
				GCC_WARN_ABOUT_RETURN_TYPE = YES_ERROR;
				GCC_WARN_UNDECLARED_SELECTOR = YES;
				GCC_WARN_UNINITIALIZED_AUTOS = YES_AGGRESSIVE;
				GCC_WARN_UNUSED_FUNCTION = YES;
				GCC_WARN_UNUSED_VARIABLE = YES;
				IPHONEOS_DEPLOYMENT_TARGET = 11.3;
				MTL_ENABLE_DEBUG_INFO = YES;
				ONLY_ACTIVE_ARCH = YES;
				SDKROOT = iphoneos;
				SWIFT_ACTIVE_COMPILATION_CONDITIONS = DEBUG;
				SWIFT_OPTIMIZATION_LEVEL = "-Onone";
			};
			name = Debug;
		};
		89B67D6C20BB7D1300D3BFBF /* Release */ = {
			isa = XCBuildConfiguration;
			buildSettings = {
				ALWAYS_SEARCH_USER_PATHS = NO;
				CLANG_ANALYZER_NONNULL = YES;
				CLANG_ANALYZER_NUMBER_OBJECT_CONVERSION = YES_AGGRESSIVE;
				CLANG_CXX_LANGUAGE_STANDARD = "gnu++14";
				CLANG_CXX_LIBRARY = "libc++";
				CLANG_ENABLE_MODULES = YES;
				CLANG_ENABLE_OBJC_ARC = YES;
				CLANG_ENABLE_OBJC_WEAK = YES;
				CLANG_WARN_BLOCK_CAPTURE_AUTORELEASING = YES;
				CLANG_WARN_BOOL_CONVERSION = YES;
				CLANG_WARN_COMMA = YES;
				CLANG_WARN_CONSTANT_CONVERSION = YES;
				CLANG_WARN_DEPRECATED_OBJC_IMPLEMENTATIONS = YES;
				CLANG_WARN_DIRECT_OBJC_ISA_USAGE = YES_ERROR;
				CLANG_WARN_DOCUMENTATION_COMMENTS = YES;
				CLANG_WARN_EMPTY_BODY = YES;
				CLANG_WARN_ENUM_CONVERSION = YES;
				CLANG_WARN_INFINITE_RECURSION = YES;
				CLANG_WARN_INT_CONVERSION = YES;
				CLANG_WARN_NON_LITERAL_NULL_CONVERSION = YES;
				CLANG_WARN_OBJC_IMPLICIT_RETAIN_SELF = YES;
				CLANG_WARN_OBJC_LITERAL_CONVERSION = YES;
				CLANG_WARN_OBJC_ROOT_CLASS = YES_ERROR;
				CLANG_WARN_RANGE_LOOP_ANALYSIS = YES;
				CLANG_WARN_STRICT_PROTOTYPES = YES;
				CLANG_WARN_SUSPICIOUS_MOVE = YES;
				CLANG_WARN_UNGUARDED_AVAILABILITY = YES_AGGRESSIVE;
				CLANG_WARN_UNREACHABLE_CODE = YES;
				CLANG_WARN__DUPLICATE_METHOD_MATCH = YES;
				CODE_SIGN_IDENTITY = "iPhone Developer";
				COPY_PHASE_STRIP = NO;
				DEBUG_INFORMATION_FORMAT = "dwarf-with-dsym";
				ENABLE_NS_ASSERTIONS = NO;
				ENABLE_STRICT_OBJC_MSGSEND = YES;
				GCC_C_LANGUAGE_STANDARD = gnu11;
				GCC_NO_COMMON_BLOCKS = YES;
				GCC_WARN_64_TO_32_BIT_CONVERSION = YES;
				GCC_WARN_ABOUT_RETURN_TYPE = YES_ERROR;
				GCC_WARN_UNDECLARED_SELECTOR = YES;
				GCC_WARN_UNINITIALIZED_AUTOS = YES_AGGRESSIVE;
				GCC_WARN_UNUSED_FUNCTION = YES;
				GCC_WARN_UNUSED_VARIABLE = YES;
				IPHONEOS_DEPLOYMENT_TARGET = 11.3;
				MTL_ENABLE_DEBUG_INFO = NO;
				SDKROOT = iphoneos;
				SWIFT_COMPILATION_MODE = wholemodule;
				SWIFT_OPTIMIZATION_LEVEL = "-O";
				VALIDATE_PRODUCT = YES;
			};
			name = Release;
		};
		89B67D6E20BB7D1300D3BFBF /* Debug */ = {
			isa = XCBuildConfiguration;
			baseConfigurationReference = A9255E303FB26ED084CF06F4 /* Pods-UtrymApp.debug.xcconfig */;
			buildSettings = {
				ASSETCATALOG_COMPILER_APPICON_NAME = AppIcon;
				CLANG_ENABLE_MODULES = YES;
				CODE_SIGN_ENTITLEMENTS = UtrymApp/UtrymApp.entitlements;
				CODE_SIGN_STYLE = Automatic;
				DEVELOPMENT_TEAM = 74TM5MHWGD;
				INFOPLIST_FILE = "$(SRCROOT)/UtrymApp/Suportings/Info.plist";
				LD_RUNPATH_SEARCH_PATHS = (
					"$(inherited)",
					"@executable_path/Frameworks",
				);
				PRODUCT_BUNDLE_IDENTIFIER = com.UtrymApp.ios;
				PRODUCT_NAME = "$(TARGET_NAME)";
				SWIFT_OBJC_BRIDGING_HEADER = "UtrymApp/UtrymApp-Bridging-Header.h";
				SWIFT_OPTIMIZATION_LEVEL = "-Onone";
				SWIFT_VERSION = 4.0;
				TARGETED_DEVICE_FAMILY = "1,2";
			};
			name = Debug;
		};
		89B67D6F20BB7D1300D3BFBF /* Release */ = {
			isa = XCBuildConfiguration;
			baseConfigurationReference = 9E5A136AF45D6AB9EA15352D /* Pods-UtrymApp.release.xcconfig */;
			buildSettings = {
				ASSETCATALOG_COMPILER_APPICON_NAME = AppIcon;
				CLANG_ENABLE_MODULES = YES;
				CODE_SIGN_ENTITLEMENTS = UtrymApp/UtrymApp.entitlements;
				CODE_SIGN_STYLE = Automatic;
				DEVELOPMENT_TEAM = 74TM5MHWGD;
				INFOPLIST_FILE = "$(SRCROOT)/UtrymApp/Suportings/Info.plist";
				LD_RUNPATH_SEARCH_PATHS = (
					"$(inherited)",
					"@executable_path/Frameworks",
				);
				PRODUCT_BUNDLE_IDENTIFIER = com.UtrymApp.ios;
				PRODUCT_NAME = "$(TARGET_NAME)";
				SWIFT_OBJC_BRIDGING_HEADER = "UtrymApp/UtrymApp-Bridging-Header.h";
				SWIFT_VERSION = 4.0;
				TARGETED_DEVICE_FAMILY = "1,2";
			};
			name = Release;
		};
		89B67D7120BB7D1300D3BFBF /* Debug */ = {
			isa = XCBuildConfiguration;
			baseConfigurationReference = 2DECE63EE1A610208E1E62EE /* Pods-UtrymAppTests.debug.xcconfig */;
			buildSettings = {
				ALWAYS_EMBED_SWIFT_STANDARD_LIBRARIES = YES;
				BUNDLE_LOADER = "$(TEST_HOST)";
				CODE_SIGN_STYLE = Automatic;
				DEVELOPMENT_TEAM = 74TM5MHWGD;
				INFOPLIST_FILE = UtrymAppTests/Info.plist;
				LD_RUNPATH_SEARCH_PATHS = (
					"$(inherited)",
					"@executable_path/Frameworks",
					"@loader_path/Frameworks",
				);
				PRODUCT_BUNDLE_IDENTIFIER = com.UtrymAppTests;
				PRODUCT_NAME = "$(TARGET_NAME)";
				SWIFT_VERSION = 4.0;
				TARGETED_DEVICE_FAMILY = "1,2";
				TEST_HOST = "$(BUILT_PRODUCTS_DIR)/UtrymApp.app/UtrymApp";
			};
			name = Debug;
		};
		89B67D7220BB7D1300D3BFBF /* Release */ = {
			isa = XCBuildConfiguration;
			baseConfigurationReference = 525AA78E0601FE6A2CE5F713 /* Pods-UtrymAppTests.release.xcconfig */;
			buildSettings = {
				ALWAYS_EMBED_SWIFT_STANDARD_LIBRARIES = YES;
				BUNDLE_LOADER = "$(TEST_HOST)";
				CODE_SIGN_STYLE = Automatic;
				DEVELOPMENT_TEAM = 74TM5MHWGD;
				INFOPLIST_FILE = UtrymAppTests/Info.plist;
				LD_RUNPATH_SEARCH_PATHS = (
					"$(inherited)",
					"@executable_path/Frameworks",
					"@loader_path/Frameworks",
				);
				PRODUCT_BUNDLE_IDENTIFIER = com.UtrymAppTests;
				PRODUCT_NAME = "$(TARGET_NAME)";
				SWIFT_VERSION = 4.0;
				TARGETED_DEVICE_FAMILY = "1,2";
				TEST_HOST = "$(BUILT_PRODUCTS_DIR)/UtrymApp.app/UtrymApp";
			};
			name = Release;
		};
/* End XCBuildConfiguration section */

/* Begin XCConfigurationList section */
		89B67D4B20BB7D0E00D3BFBF /* Build configuration list for PBXProject "UtrymApp" */ = {
			isa = XCConfigurationList;
			buildConfigurations = (
				89B67D6B20BB7D1300D3BFBF /* Debug */,
				89B67D6C20BB7D1300D3BFBF /* Release */,
			);
			defaultConfigurationIsVisible = 0;
			defaultConfigurationName = Release;
		};
		89B67D6D20BB7D1300D3BFBF /* Build configuration list for PBXNativeTarget "UtrymApp" */ = {
			isa = XCConfigurationList;
			buildConfigurations = (
				89B67D6E20BB7D1300D3BFBF /* Debug */,
				89B67D6F20BB7D1300D3BFBF /* Release */,
			);
			defaultConfigurationIsVisible = 0;
			defaultConfigurationName = Release;
		};
		89B67D7020BB7D1300D3BFBF /* Build configuration list for PBXNativeTarget "UtrymAppTests" */ = {
			isa = XCConfigurationList;
			buildConfigurations = (
				89B67D7120BB7D1300D3BFBF /* Debug */,
				89B67D7220BB7D1300D3BFBF /* Release */,
			);
			defaultConfigurationIsVisible = 0;
			defaultConfigurationName = Release;
		};
/* End XCConfigurationList section */
	};
	rootObject = 89B67D4820BB7D0E00D3BFBF /* Project object */;
}
